
Microsoft Visual Studio Solution File, Format Version 12.00
# Visual Studio Version 17
VisualStudioVersion = 17.0.31919.166
MinimumVisualStudioVersion = 10.0.40219.1
Project("{2150E333-8FDC-42A3-9474-1A3956D46DE8}") = "Services", "Services", "{4CDDC8AB-F66D-4BA8-AE70-4C4958C464E9}"
EndProject
Project("{2150E333-8FDC-42A3-9474-1A3956D46DE8}") = "Catalog", "Catalog", "{D389957D-A23A-43F8-AE61-C927C560C98D}"
EndProject
Project("{E53339B2-1760-4266-BCC7-CA923CBCF16C}") = "docker-compose", "docker-compose.dcproj", "{1D44F458-507D-4D3F-8083-BF7C065F92D2}"
EndProject
Project("{9A19103F-16F7-4668-BE54-9A1E7A4F7556}") = "Catalog.API", "Services\Catalog\Catalog.API\Catalog.API.csproj", "{2A9718F5-FCD7-4B15-875C-10546C2A0A1E}"
EndProject
Project("{2150E333-8FDC-42A3-9474-1A3956D46DE8}") = "Basket", "Basket", "{4F04576D-0B54-4096-90CB-2F245FC82DDF}"
EndProject
Project("{FAE04EC0-301F-11D3-BF4B-00C04F79EFBC}") = "Basket.API", "Services\Basket\Basket.API\Basket.API.csproj", "{F95AA7C2-B844-460D-8156-A7FA61B734DE}"
EndProject
Global
	GlobalSection(SolutionConfigurationPlatforms) = preSolution
		Debug|Any CPU = Debug|Any CPU
		Release|Any CPU = Release|Any CPU
	EndGlobalSection
	GlobalSection(ProjectConfigurationPlatforms) = postSolution
		{1D44F458-507D-4D3F-8083-BF7C065F92D2}.Debug|Any CPU.ActiveCfg = Debug|Any CPU
		{1D44F458-507D-4D3F-8083-BF7C065F92D2}.Debug|Any CPU.Build.0 = Debug|Any CPU
		{1D44F458-507D-4D3F-8083-BF7C065F92D2}.Release|Any CPU.ActiveCfg = Release|Any CPU
		{1D44F458-507D-4D3F-8083-BF7C065F92D2}.Release|Any CPU.Build.0 = Release|Any CPU
		{2A9718F5-FCD7-4B15-875C-10546C2A0A1E}.Debug|Any CPU.ActiveCfg = Debug|Any CPU
		{2A9718F5-FCD7-4B15-875C-10546C2A0A1E}.Debug|Any CPU.Build.0 = Debug|Any CPU
		{2A9718F5-FCD7-4B15-875C-10546C2A0A1E}.Release|Any CPU.ActiveCfg = Release|Any CPU
		{2A9718F5-FCD7-4B15-875C-10546C2A0A1E}.Release|Any CPU.Build.0 = Release|Any CPU
		{F95AA7C2-B844-460D-8156-A7FA61B734DE}.Debug|Any CPU.ActiveCfg = Debug|Any CPU
		{F95AA7C2-B844-460D-8156-A7FA61B734DE}.Debug|Any CPU.Build.0 = Debug|Any CPU
		{F95AA7C2-B844-460D-8156-A7FA61B734DE}.Release|Any CPU.ActiveCfg = Release|Any CPU
		{F95AA7C2-B844-460D-8156-A7FA61B734DE}.Release|Any CPU.Build.0 = Release|Any CPU
	EndGlobalSection
	GlobalSection(SolutionProperties) = preSolution
		HideSolutionNode = FALSE
	EndGlobalSection
	GlobalSection(NestedProjects) = preSolution
		{D389957D-A23A-43F8-AE61-C927C560C98D} = {4CDDC8AB-F66D-4BA8-AE70-4C4958C464E9}
		{2A9718F5-FCD7-4B15-875C-10546C2A0A1E} = {D389957D-A23A-43F8-AE61-C927C560C98D}
		{4F04576D-0B54-4096-90CB-2F245FC82DDF} = {4CDDC8AB-F66D-4BA8-AE70-4C4958C464E9}
		{F95AA7C2-B844-460D-8156-A7FA61B734DE} = {4F04576D-0B54-4096-90CB-2F245FC82DDF}
	EndGlobalSection
	GlobalSection(ExtensibilityGlobals) = postSolution
		SolutionGuid = {318B28C8-01E8-4C9B-A540-BCB44D9ED67E}
	EndGlobalSection
EndGlobal
